
Microsoft Visual Studio Solution File, Format Version 12.00
# Visual Studio 15
VisualStudioVersion = 15.0.26403.7
MinimumVisualStudioVersion = 10.0.40219.1
Project("{FAE04EC0-301F-11D3-BF4B-00C04F79EFBC}") = "CapaPre", "CapaPre\CapaPre.csproj", "{6419891B-A5E1-4A0F-A424-875D7541FCAC}"
EndProject
Project("{FAE04EC0-301F-11D3-BF4B-00C04F79EFBC}") = "CapaNegocio", "CapaNegocio\CapaNegocio.csproj", "{F92099F5-9231-4DAC-AB4B-EEAA67E43DF8}"
EndProject
Project("{FAE04EC0-301F-11D3-BF4B-00C04F79EFBC}") = "CapaDatos", "CapaDatos\CapaDatos.csproj", "{B8D080C8-D3B9-4EC5-A520-034DF6798AB7}"
EndProject
Global
	GlobalSection(SolutionConfigurationPlatforms) = preSolution
		Debug|Any CPU = Debug|Any CPU
		Release|Any CPU = Release|Any CPU
	EndGlobalSection
	GlobalSection(ProjectConfigurationPlatforms) = postSolution
		{6419891B-A5E1-4A0F-A424-875D7541FCAC}.Debug|Any CPU.ActiveCfg = Debug|Any CPU
		{6419891B-A5E1-4A0F-A424-875D7541FCAC}.Debug|Any CPU.Build.0 = Debug|Any CPU
		{6419891B-A5E1-4A0F-A424-875D7541FCAC}.Release|Any CPU.ActiveCfg = Release|Any CPU
		{6419891B-A5E1-4A0F-A424-875D7541FCAC}.Release|Any CPU.Build.0 = Release|Any CPU
		{F92099F5-9231-4DAC-AB4B-EEAA67E43DF8}.Debug|Any CPU.ActiveCfg = Debug|Any CPU
		{F92099F5-9231-4DAC-AB4B-EEAA67E43DF8}.Debug|Any CPU.Build.0 = Debug|Any CPU
		{F92099F5-9231-4DAC-AB4B-EEAA67E43DF8}.Release|Any CPU.ActiveCfg = Release|Any CPU
		{F92099F5-9231-4DAC-AB4B-EEAA67E43DF8}.Release|Any CPU.Build.0 = Release|Any CPU
		{B8D080C8-D3B9-4EC5-A520-034DF6798AB7}.Debug|Any CPU.ActiveCfg = Debug|Any CPU
		{B8D080C8-D3B9-4EC5-A520-034DF6798AB7}.Debug|Any CPU.Build.0 = Debug|Any CPU
		{B8D080C8-D3B9-4EC5-A520-034DF6798AB7}.Release|Any CPU.ActiveCfg = Release|Any CPU
		{B8D080C8-D3B9-4EC5-A520-034DF6798AB7}.Release|Any CPU.Build.0 = Release|Any CPU
	EndGlobalSection
	GlobalSection(SolutionProperties) = preSolution
		HideSolutionNode = FALSE
	EndGlobalSection
EndGlobal
