
Microsoft Visual Studio Solution File, Format Version 12.00
# Visual Studio 15
VisualStudioVersion = 15.0.27428.2043
MinimumVisualStudioVersion = 10.0.40219.1
Project("{FAE04EC0-301F-11D3-BF4B-00C04F79EFBC}") = "CapaPre", "CapaPre\CapaPre.csproj", "{13A7429A-FD2C-4E2E-A4EB-CD3390DC1B28}"
EndProject
Project("{FAE04EC0-301F-11D3-BF4B-00C04F79EFBC}") = "CapaDatos", "CapaDatos\CapaDatos.csproj", "{9E20B783-6A9D-4289-B80B-C4A990ACC661}"
EndProject
Project("{FAE04EC0-301F-11D3-BF4B-00C04F79EFBC}") = "CapaNegocio", "CapaNegocio\CapaNegocio.csproj", "{678E156E-055D-4750-A424-1A0A9441D565}"
EndProject
Project("{FAE04EC0-301F-11D3-BF4B-00C04F79EFBC}") = "CapaEntidad", "CapaEntidad\CapaEntidad.csproj", "{4905746A-6CE2-4E76-9032-73EE1155C5D5}"
EndProject
Project("{FAE04EC0-301F-11D3-BF4B-00C04F79EFBC}") = "CapaReporte", "CapaReporte\CapaReporte.csproj", "{DF18974B-066F-4DDC-9AFA-9DF5215F16C2}"
EndProject
Project("{54435603-DBB4-11D2-8724-00A0C9A8B90C}") = "ControlDeUsuarios", "ControlDeUsuarios\ControlDeUsuarios.vdproj", "{2C863ED8-42B3-4D75-9F27-826D4F6F98B5}"
EndProject
Global
	GlobalSection(SolutionConfigurationPlatforms) = preSolution
		Debug|Any CPU = Debug|Any CPU
		Release|Any CPU = Release|Any CPU
	EndGlobalSection
	GlobalSection(ProjectConfigurationPlatforms) = postSolution
		{13A7429A-FD2C-4E2E-A4EB-CD3390DC1B28}.Debug|Any CPU.ActiveCfg = Debug|Any CPU
		{13A7429A-FD2C-4E2E-A4EB-CD3390DC1B28}.Debug|Any CPU.Build.0 = Debug|Any CPU
		{13A7429A-FD2C-4E2E-A4EB-CD3390DC1B28}.Release|Any CPU.ActiveCfg = Release|Any CPU
		{13A7429A-FD2C-4E2E-A4EB-CD3390DC1B28}.Release|Any CPU.Build.0 = Release|Any CPU
		{9E20B783-6A9D-4289-B80B-C4A990ACC661}.Debug|Any CPU.ActiveCfg = Debug|Any CPU
		{9E20B783-6A9D-4289-B80B-C4A990ACC661}.Debug|Any CPU.Build.0 = Debug|Any CPU
		{9E20B783-6A9D-4289-B80B-C4A990ACC661}.Release|Any CPU.ActiveCfg = Release|Any CPU
		{9E20B783-6A9D-4289-B80B-C4A990ACC661}.Release|Any CPU.Build.0 = Release|Any CPU
		{678E156E-055D-4750-A424-1A0A9441D565}.Debug|Any CPU.ActiveCfg = Debug|Any CPU
		{678E156E-055D-4750-A424-1A0A9441D565}.Debug|Any CPU.Build.0 = Debug|Any CPU
		{678E156E-055D-4750-A424-1A0A9441D565}.Release|Any CPU.ActiveCfg = Release|Any CPU
		{678E156E-055D-4750-A424-1A0A9441D565}.Release|Any CPU.Build.0 = Release|Any CPU
		{4905746A-6CE2-4E76-9032-73EE1155C5D5}.Debug|Any CPU.ActiveCfg = Debug|Any CPU
		{4905746A-6CE2-4E76-9032-73EE1155C5D5}.Debug|Any CPU.Build.0 = Debug|Any CPU
		{4905746A-6CE2-4E76-9032-73EE1155C5D5}.Release|Any CPU.ActiveCfg = Release|Any CPU
		{4905746A-6CE2-4E76-9032-73EE1155C5D5}.Release|Any CPU.Build.0 = Release|Any CPU
		{DF18974B-066F-4DDC-9AFA-9DF5215F16C2}.Debug|Any CPU.ActiveCfg = Debug|Any CPU
		{DF18974B-066F-4DDC-9AFA-9DF5215F16C2}.Debug|Any CPU.Build.0 = Debug|Any CPU
		{DF18974B-066F-4DDC-9AFA-9DF5215F16C2}.Release|Any CPU.ActiveCfg = Release|Any CPU
		{DF18974B-066F-4DDC-9AFA-9DF5215F16C2}.Release|Any CPU.Build.0 = Release|Any CPU
		{2C863ED8-42B3-4D75-9F27-826D4F6F98B5}.Debug|Any CPU.ActiveCfg = Debug
		{2C863ED8-42B3-4D75-9F27-826D4F6F98B5}.Release|Any CPU.ActiveCfg = Release
	EndGlobalSection
	GlobalSection(SolutionProperties) = preSolution
		HideSolutionNode = FALSE
	EndGlobalSection
	GlobalSection(ExtensibilityGlobals) = postSolution
		SolutionGuid = {DFD1F8DF-C147-4787-B30F-C0CFB0D096A6}
	EndGlobalSection
EndGlobal
